PODS:
  - libwebp (1.1.0):
    - libwebp/demux (= 1.1.0)
    - libwebp/mux (= 1.1.0)
    - libwebp/webp (= 1.1.0)
  - libwebp/demux (1.1.0):
    - libwebp/webp
  - libwebp/mux (1.1.0):
    - libwebp/demux
  - libwebp/webp (1.1.0)
  - SDWebImage (5.9.1):
    - SDWebImage/Core (= 5.9.1)
  - SDWebImage/Core (5.9.1)
  - SDWebImageWebPCoder (0.6.1):
    - libwebp (~> 1.0)
    - SDWebImage/Core (~> 5.7)

DEPENDENCIES:
  - SDWebImage (>= 5.9)
  - SDWebImageWebPCoder

SPEC REPOS:
  trunk:
    - libwebp
    - SDWebImage
    - SDWebImageWebPCoder

SPEC CHECKSUMS:
  libwebp: 946cb3063cea9236285f7e9a8505d806d30e07f3
  SDWebImage: a990c053fff71e388a10f3357edb0be17929c9c5
  SDWebImageWebPCoder: d0dac55073088d24b2ac1b191a71a8f8d0adac21

PODFILE CHECKSUM: 65862234018995f74a645dc7f7dca4cdf9941215

COCOAPODS: 1.9.3
